
Microsoft Visual Studio Solution File, Format Version 12.00
# Visual Studio Version 16
VisualStudioVersion = 16.0.29306.81
MinimumVisualStudioVersion = 10.0.40219.1
Project("{FAE04EC0-301F-11D3-BF4B-00C04F79EFBC}") = "SweepstakesProject", "SweepstakesProject.csproj", "{FD9E14DA-17D3-48D1-B97B-718137E8DBAB}"
EndProject
Global
	GlobalSection(SolutionConfigurationPlatforms) = preSolution
		Debug|Any CPU = Debug|Any CPU
		Release|Any CPU = Release|Any CPU
	EndGlobalSection
	GlobalSection(ProjectConfigurationPlatforms) = postSolution
		{FD9E14DA-17D3-48D1-B97B-718137E8DBAB}.Debug|Any CPU.ActiveCfg = Debug|Any CPU
		{FD9E14DA-17D3-48D1-B97B-718137E8DBAB}.Debug|Any CPU.Build.0 = Debug|Any CPU
		{FD9E14DA-17D3-48D1-B97B-718137E8DBAB}.Release|Any CPU.ActiveCfg = Release|Any CPU
		{FD9E14DA-17D3-48D1-B97B-718137E8DBAB}.Release|Any CPU.Build.0 = Release|Any CPU
	EndGlobalSection
	GlobalSection(SolutionProperties) = preSolution
		HideSolutionNode = FALSE
	EndGlobalSection
	GlobalSection(ExtensibilityGlobals) = postSolution
		SolutionGuid = {2DCCB611-9D0D-4E1C-9940-BE7298A88B06}
	EndGlobalSection
EndGlobal
